
Microsoft Visual Studio Solution File, Format Version 12.00
# Visual Studio Version 17
VisualStudioVersion = 17.9.34728.123
MinimumVisualStudioVersion = 10.0.40219.1
Project("{FAE04EC0-301F-11D3-BF4B-00C04F79EFBC}") = "Proyecto", "Proyecto\Proyecto.csproj", "{B52BFF67-DAE5-4D8F-9873-5C71B051EDFF}"
EndProject
Global
	GlobalSection(SolutionConfigurationPlatforms) = preSolution
		Debug|Any CPU = Debug|Any CPU
		Release|Any CPU = Release|Any CPU
	EndGlobalSection
	GlobalSection(ProjectConfigurationPlatforms) = postSolution
		{B52BFF67-DAE5-4D8F-9873-5C71B051EDFF}.Debug|Any CPU.ActiveCfg = Debug|Any CPU
		{B52BFF67-DAE5-4D8F-9873-5C71B051EDFF}.Debug|Any CPU.Build.0 = Debug|Any CPU
		{B52BFF67-DAE5-4D8F-9873-5C71B051EDFF}.Release|Any CPU.ActiveCfg = Release|Any CPU
		{B52BFF67-DAE5-4D8F-9873-5C71B051EDFF}.Release|Any CPU.Build.0 = Release|Any CPU
	EndGlobalSection
	GlobalSection(SolutionProperties) = preSolution
		HideSolutionNode = FALSE
	EndGlobalSection
	GlobalSection(ExtensibilityGlobals) = postSolution
		SolutionGuid = {3C5776F8-83EC-46FC-B50F-71183DBAC40B}
	EndGlobalSection
EndGlobal
